// !$*UTF8*$!
{
	archiveVersion = 1;
	classes = {
	};
	objectVersion = 77;
	objects = {

/* Begin PBXBuildFile section */
		FB08927B2D0507E6007CC8C6 /* UIView+Styling.swift in Sources */ = {isa = PBXBuildFile; fileRef = FB08927A2D0507E6007CC8C6 /* UIView+Styling.swift */; };
		FB08927D2D0508D1007CC8C6 /* ThemeManager.swift in Sources */ = {isa = PBXBuildFile; fileRef = FB08927C2D0508D1007CC8C6 /* ThemeManager.swift */; };
		FB08927F2D05090E007CC8C6 /* UIColor+Extensions.swift in Sources */ = {isa = PBXBuildFile; fileRef = FB08927E2D05090E007CC8C6 /* UIColor+Extensions.swift */; };
		FB112DB42D05A0D1003A0F8F /* ProfileViewController.xib in Resources */ = {isa = PBXBuildFile; fileRef = FB112DB32D05A0D1003A0F8F /* ProfileViewController.xib */; };
		FB112DB52D05A0D1003A0F8F /* ProfileViewController.swift in Sources */ = {isa = PBXBuildFile; fileRef = FB112DB22D05A0D1003A0F8F /* ProfileViewController.swift */; };
		FB112DB72D05A2A1003A0F8F /* MovieList.swift in Sources */ = {isa = PBXBuildFile; fileRef = FB112DB62D05A29E003A0F8F /* MovieList.swift */; };
		FB112DB92D05A2BD003A0F8F /* ProfileViewModel.swift in Sources */ = {isa = PBXBuildFile; fileRef = FB112DB82D05A2B8003A0F8F /* ProfileViewModel.swift */; };
		FB112DBC2D05A65A003A0F8F /* CustomListTableViewCell.xib in Resources */ = {isa = PBXBuildFile; fileRef = FB112DBB2D05A65A003A0F8F /* CustomListTableViewCell.xib */; };
		FB112DBD2D05A65A003A0F8F /* CustomListTableViewCell.swift in Sources */ = {isa = PBXBuildFile; fileRef = FB112DBA2D05A65A003A0F8F /* CustomListTableViewCell.swift */; };
		FB112DC02D05A6C0003A0F8F /* WatchListCollectionViewCell.xib in Resources */ = {isa = PBXBuildFile; fileRef = FB112DBF2D05A6C0003A0F8F /* WatchListCollectionViewCell.xib */; };
		FB112DC12D05A6C0003A0F8F /* WatchListCollectionViewCell.swift in Sources */ = {isa = PBXBuildFile; fileRef = FB112DBE2D05A6C0003A0F8F /* WatchListCollectionViewCell.swift */; };
		FB112DC32D05B3B1003A0F8F /* User.swift in Sources */ = {isa = PBXBuildFile; fileRef = FB112DC22D05B3AD003A0F8F /* User.swift */; };
		FB3428952CFE570400A75173 /* Assets.xcassets in Resources */ = {isa = PBXBuildFile; fileRef = FB34288A2CFE570400A75173 /* Assets.xcassets */; };
		FB3428972CFE570400A75173 /* LaunchScreen.storyboard in Resources */ = {isa = PBXBuildFile; fileRef = FB34288E2CFE570400A75173 /* LaunchScreen.storyboard */; };
		FB3428982CFE570400A75173 /* Main.storyboard in Resources */ = {isa = PBXBuildFile; fileRef = FB3428902CFE570400A75173 /* Main.storyboard */; };
		FB3428992CFE570400A75173 /* AppDelegate.swift in Sources */ = {isa = PBXBuildFile; fileRef = FB3428892CFE570400A75173 /* AppDelegate.swift */; };
		FB34289A2CFE570400A75173 /* IMDBClone.xcdatamodeld in Sources */ = {isa = PBXBuildFile; fileRef = FB34288B2CFE570400A75173 /* IMDBClone.xcdatamodeld */; };
		FB34289B2CFE570400A75173 /* SceneDelegate.swift in Sources */ = {isa = PBXBuildFile; fileRef = FB3428912CFE570400A75173 /* SceneDelegate.swift */; };
		FB34289C2CFE570400A75173 /* MovieListViewController.swift in Sources */ = {isa = PBXBuildFile; fileRef = FB3428922CFE570400A75173 /* MovieListViewController.swift */; };
		FB3428A62CFE58ED00A75173 /* Movie.swift in Sources */ = {isa = PBXBuildFile; fileRef = FB3428A52CFE58ED00A75173 /* Movie.swift */; };
		FB3428A82CFE5BA100A75173 /* APIService.swift in Sources */ = {isa = PBXBuildFile; fileRef = FB3428A72CFE5BA100A75173 /* APIService.swift */; };
		FB3428AA2CFE5BBE00A75173 /* MovieResponse.swift in Sources */ = {isa = PBXBuildFile; fileRef = FB3428A92CFE5BBE00A75173 /* MovieResponse.swift */; };
		FB3428AC2CFE63BF00A75173 /* MovieListViewModel.swift in Sources */ = {isa = PBXBuildFile; fileRef = FB3428AB2CFE63BF00A75173 /* MovieListViewModel.swift */; };
		FB53EEC12D0325E4008FEA0D /* Kingfisher in Frameworks */ = {isa = PBXBuildFile; productRef = FB53EEC02D0325E4008FEA0D /* Kingfisher */; };
		FBA3BE082D025DF1007C6DB3 /* MovieTableViewCell.swift in Sources */ = {isa = PBXBuildFile; fileRef = FBA3BE072D025DF1007C6DB3 /* MovieTableViewCell.swift */; };
		FBA3BE0A2D0260D7007C6DB3 /* MovieCellViewModel.swift in Sources */ = {isa = PBXBuildFile; fileRef = FBA3BE092D0260D7007C6DB3 /* MovieCellViewModel.swift */; };
		FBADC4C42D035D9900E9C553 /* SearchViewController.swift in Sources */ = {isa = PBXBuildFile; fileRef = FBADC4C22D035D9900E9C553 /* SearchViewController.swift */; };
		FBADC4C52D035D9900E9C553 /* SearchViewController.xib in Resources */ = {isa = PBXBuildFile; fileRef = FBADC4C32D035D9900E9C553 /* SearchViewController.xib */; };
		FBB491E02D6F0106009B2CA9 /* YouTubeiOSPlayerHelper in Frameworks */ = {isa = PBXBuildFile; productRef = FBB491DF2D6F0106009B2CA9 /* YouTubeiOSPlayerHelper */; };
		FBC4B9392D03766700036B94 /* MovieDetailsViewController.swift in Sources */ = {isa = PBXBuildFile; fileRef = FBC4B9382D03766700036B94 /* MovieDetailsViewController.swift */; };
		FBC4B93B2D03827000036B94 /* MovieDetailsViewModel.swift in Sources */ = {isa = PBXBuildFile; fileRef = FBC4B93A2D03826800036B94 /* MovieDetailsViewModel.swift */; };
		FBC4B9432D038F4000036B94 /* RecommendationCollectionViewCell.swift in Sources */ = {isa = PBXBuildFile; fileRef = FBC4B9422D038F4000036B94 /* RecommendationCollectionViewCell.swift */; };
/* End PBXBuildFile section */

/* Begin PBXFileReference section */
		FB08927A2D0507E6007CC8C6 /* UIView+Styling.swift */ = {isa = PBXFileReference; lastKnownFileType = sourcecode.swift; path = "UIView+Styling.swift"; sourceTree = "<group>"; };
		FB08927C2D0508D1007CC8C6 /* ThemeManager.swift */ = {isa = PBXFileReference; lastKnownFileType = sourcecode.swift; path = ThemeManager.swift; sourceTree = "<group>"; };
		FB08927E2D05090E007CC8C6 /* UIColor+Extensions.swift */ = {isa = PBXFileReference; lastKnownFileType = sourcecode.swift; path = "UIColor+Extensions.swift"; sourceTree = "<group>"; };
		FB112DB22D05A0D1003A0F8F /* ProfileViewController.swift */ = {isa = PBXFileReference; lastKnownFileType = sourcecode.swift; path = ProfileViewController.swift; sourceTree = "<group>"; };
		FB112DB32D05A0D1003A0F8F /* ProfileViewController.xib */ = {isa = PBXFileReference; lastKnownFileType = file.xib; path = ProfileViewController.xib; sourceTree = "<group>"; };
		FB112DB62D05A29E003A0F8F /* MovieList.swift */ = {isa = PBXFileReference; lastKnownFileType = sourcecode.swift; path = MovieList.swift; sourceTree = "<group>"; };
		FB112DB82D05A2B8003A0F8F /* ProfileViewModel.swift */ = {isa = PBXFileReference; lastKnownFileType = sourcecode.swift; path = ProfileViewModel.swift; sourceTree = "<group>"; };
		FB112DBA2D05A65A003A0F8F /* CustomListTableViewCell.swift */ = {isa = PBXFileReference; lastKnownFileType = sourcecode.swift; path = CustomListTableViewCell.swift; sourceTree = "<group>"; };
		FB112DBB2D05A65A003A0F8F /* CustomListTableViewCell.xib */ = {isa = PBXFileReference; lastKnownFileType = file.xib; path = CustomListTableViewCell.xib; sourceTree = "<group>"; };
		FB112DBE2D05A6C0003A0F8F /* WatchListCollectionViewCell.swift */ = {isa = PBXFileReference; lastKnownFileType = sourcecode.swift; path = WatchListCollectionViewCell.swift; sourceTree = "<group>"; };
		FB112DBF2D05A6C0003A0F8F /* WatchListCollectionViewCell.xib */ = {isa = PBXFileReference; lastKnownFileType = file.xib; path = WatchListCollectionViewCell.xib; sourceTree = "<group>"; };
		FB112DC22D05B3AD003A0F8F /* User.swift */ = {isa = PBXFileReference; lastKnownFileType = sourcecode.swift; path = User.swift; sourceTree = "<group>"; };
		FB34286E2CFE512E00A75173 /* IMDBClone.app */ = {isa = PBXFileReference; explicitFileType = wrapper.application; includeInIndex = 0; path = IMDBClone.app; sourceTree = BUILT_PRODUCTS_DIR; };
		FB3428892CFE570400A75173 /* AppDelegate.swift */ = {isa = PBXFileReference; lastKnownFileType = sourcecode.swift; path = AppDelegate.swift; sourceTree = "<group>"; };
		FB34288A2CFE570400A75173 /* Assets.xcassets */ = {isa = PBXFileReference; lastKnownFileType = folder.assetcatalog; path = Assets.xcassets; sourceTree = "<group>"; };
		FB34288C2CFE570400A75173 /* Info.plist */ = {isa = PBXFileReference; lastKnownFileType = text.plist.xml; path = Info.plist; sourceTree = "<group>"; };
		FB34288D2CFE570400A75173 /* Base */ = {isa = PBXFileReference; lastKnownFileType = file.storyboard; name = Base; path = Base.lproj/LaunchScreen.storyboard; sourceTree = "<group>"; };
		FB34288F2CFE570400A75173 /* Base */ = {isa = PBXFileReference; lastKnownFileType = file.storyboard; name = Base; path = Base.lproj/Main.storyboard; sourceTree = "<group>"; };
		FB3428912CFE570400A75173 /* SceneDelegate.swift */ = {isa = PBXFileReference; lastKnownFileType = sourcecode.swift; path = SceneDelegate.swift; sourceTree = "<group>"; };
		FB3428922CFE570400A75173 /* MovieListViewController.swift */ = {isa = PBXFileReference; lastKnownFileType = sourcecode.swift; path = MovieListViewController.swift; sourceTree = "<group>"; };
		FB3428942CFE570400A75173 /* IMDBClone.xcdatamodel */ = {isa = PBXFileReference; lastKnownFileType = wrapper.xcdatamodel; path = IMDBClone.xcdatamodel; sourceTree = "<group>"; };
		FB3428A52CFE58ED00A75173 /* Movie.swift */ = {isa = PBXFileReference; lastKnownFileType = sourcecode.swift; path = Movie.swift; sourceTree = "<group>"; };
		FB3428A72CFE5BA100A75173 /* APIService.swift */ = {isa = PBXFileReference; lastKnownFileType = sourcecode.swift; path = APIService.swift; sourceTree = "<group>"; };
		FB3428A92CFE5BBE00A75173 /* MovieResponse.swift */ = {isa = PBXFileReference; lastKnownFileType = sourcecode.swift; path = MovieResponse.swift; sourceTree = "<group>"; };
		FB3428AB2CFE63BF00A75173 /* MovieListViewModel.swift */ = {isa = PBXFileReference; lastKnownFileType = sourcecode.swift; path = MovieListViewModel.swift; sourceTree = "<group>"; };
		FBA3BE072D025DF1007C6DB3 /* MovieTableViewCell.swift */ = {isa = PBXFileReference; lastKnownFileType = sourcecode.swift; path = MovieTableViewCell.swift; sourceTree = "<group>"; };
		FBA3BE092D0260D7007C6DB3 /* MovieCellViewModel.swift */ = {isa = PBXFileReference; lastKnownFileType = sourcecode.swift; path = MovieCellViewModel.swift; sourceTree = "<group>"; };
		FBADC4C22D035D9900E9C553 /* SearchViewController.swift */ = {isa = PBXFileReference; lastKnownFileType = sourcecode.swift; path = SearchViewController.swift; sourceTree = "<group>"; };
		FBADC4C32D035D9900E9C553 /* SearchViewController.xib */ = {isa = PBXFileReference; lastKnownFileType = file.xib; path = SearchViewController.xib; sourceTree = "<group>"; };
		FBC4B9382D03766700036B94 /* MovieDetailsViewController.swift */ = {isa = PBXFileReference; lastKnownFileType = sourcecode.swift; path = MovieDetailsViewController.swift; sourceTree = "<group>"; };
		FBC4B93A2D03826800036B94 /* MovieDetailsViewModel.swift */ = {isa = PBXFileReference; lastKnownFileType = sourcecode.swift; path = MovieDetailsViewModel.swift; sourceTree = "<group>"; };
		FBC4B9422D038F4000036B94 /* RecommendationCollectionViewCell.swift */ = {isa = PBXFileReference; lastKnownFileType = sourcecode.swift; path = RecommendationCollectionViewCell.swift; sourceTree = "<group>"; };
/* End PBXFileReference section */

/* Begin PBXFrameworksBuildPhase section */
		FB34286B2CFE512E00A75173 /* Frameworks */ = {
			isa = PBXFrameworksBuildPhase;
			buildActionMask = 2147483647;
			files = (
				FB53EEC12D0325E4008FEA0D /* Kingfisher in Frameworks */,
				FBB491E02D6F0106009B2CA9 /* YouTubeiOSPlayerHelper in Frameworks */,
			);
			runOnlyForDeploymentPostprocessing = 0;
		};
/* End PBXFrameworksBuildPhase section */

/* Begin PBXGroup section */
		FB3428652CFE512E00A75173 = {
			isa = PBXGroup;
			children = (
				FB3428932CFE570400A75173 /* IMDBClone */,
				FB34286F2CFE512E00A75173 /* Products */,
			);
			sourceTree = "<group>";
		};
		FB34286F2CFE512E00A75173 /* Products */ = {
			isa = PBXGroup;
			children = (
				FB34286E2CFE512E00A75173 /* IMDBClone.app */,
			);
			name = Products;
			sourceTree = "<group>";
		};
		FB3428932CFE570400A75173 /* IMDBClone */ = {
			isa = PBXGroup;
			children = (
				FB34289D2CFE572600A75173 /* Models */,
				FB3428A02CFE573500A75173 /* Networking */,
				FB34289E2CFE572C00A75173 /* ViewModels */,
				FB34289F2CFE573100A75173 /* Views */,
				FB3428A12CFE573A00A75173 /* Utilities */,
				FB3428A22CFE574300A75173 /* Assets */,
				FB34288B2CFE570400A75173 /* IMDBClone.xcdatamodeld */,
				FB34288C2CFE570400A75173 /* Info.plist */,
			);
			path = IMDBClone;
			sourceTree = "<group>";
		};
		FB34289D2CFE572600A75173 /* Models */ = {
			isa = PBXGroup;
			children = (
				FB112DC22D05B3AD003A0F8F /* User.swift */,
				FB112DB62D05A29E003A0F8F /* MovieList.swift */,
				FB3428A52CFE58ED00A75173 /* Movie.swift */,
				FB3428A92CFE5BBE00A75173 /* MovieResponse.swift */,
			);
			path = Models;
			sourceTree = "<group>";
		};
		FB34289E2CFE572C00A75173 /* ViewModels */ = {
			isa = PBXGroup;
			children = (
				FB112DB82D05A2B8003A0F8F /* ProfileViewModel.swift */,
				FBC4B93A2D03826800036B94 /* MovieDetailsViewModel.swift */,
				FB3428AB2CFE63BF00A75173 /* MovieListViewModel.swift */,
				FBA3BE092D0260D7007C6DB3 /* MovieCellViewModel.swift */,
			);
			path = ViewModels;
			sourceTree = "<group>";
		};
		FB34289F2CFE573100A75173 /* Views */ = {
			isa = PBXGroup;
			children = (
				FBA3BE062D025DD1007C6DB3 /* Cells */,
				FB34288E2CFE570400A75173 /* LaunchScreen.storyboard */,
				FB3428902CFE570400A75173 /* Main.storyboard */,
				FBC4B9382D03766700036B94 /* MovieDetailsViewController.swift */,
				FB3428922CFE570400A75173 /* MovieListViewController.swift */,
				FBADC4C22D035D9900E9C553 /* SearchViewController.swift */,
				FBADC4C32D035D9900E9C553 /* SearchViewController.xib */,
				FB112DB22D05A0D1003A0F8F /* ProfileViewController.swift */,
				FB112DB32D05A0D1003A0F8F /* ProfileViewController.xib */,
			);
			path = Views;
			sourceTree = "<group>";
		};
		FB3428A02CFE573500A75173 /* Networking */ = {
			isa = PBXGroup;
			children = (
				FB3428A72CFE5BA100A75173 /* APIService.swift */,
			);
			path = Networking;
			sourceTree = "<group>";
		};
		FB3428A12CFE573A00A75173 /* Utilities */ = {
			isa = PBXGroup;
			children = (
				FB08927A2D0507E6007CC8C6 /* UIView+Styling.swift */,
				FB08927C2D0508D1007CC8C6 /* ThemeManager.swift */,
				FB08927E2D05090E007CC8C6 /* UIColor+Extensions.swift */,
				FB3428892CFE570400A75173 /* AppDelegate.swift */,
				FB3428912CFE570400A75173 /* SceneDelegate.swift */,
			);
			path = Utilities;
			sourceTree = "<group>";
		};
		FB3428A22CFE574300A75173 /* Assets */ = {
			isa = PBXGroup;
			children = (
				FB34288A2CFE570400A75173 /* Assets.xcassets */,
			);
			path = Assets;
			sourceTree = "<group>";
		};
		FBA3BE062D025DD1007C6DB3 /* Cells */ = {
			isa = PBXGroup;
			children = (
				FBA3BE072D025DF1007C6DB3 /* MovieTableViewCell.swift */,
				FBC4B9422D038F4000036B94 /* RecommendationCollectionViewCell.swift */,
				FB112DBA2D05A65A003A0F8F /* CustomListTableViewCell.swift */,
				FB112DBB2D05A65A003A0F8F /* CustomListTableViewCell.xib */,
				FB112DBE2D05A6C0003A0F8F /* WatchListCollectionViewCell.swift */,
				FB112DBF2D05A6C0003A0F8F /* WatchListCollectionViewCell.xib */,
			);
			path = Cells;
			sourceTree = "<group>";
		};
/* End PBXGroup section */

/* Begin PBXNativeTarget section */
		FB34286D2CFE512E00A75173 /* IMDBClone */ = {
			isa = PBXNativeTarget;
			buildConfigurationList = FB3428842CFE512F00A75173 /* Build configuration list for PBXNativeTarget "IMDBClone" */;
			buildPhases = (
				FB34286A2CFE512E00A75173 /* Sources */,
				FB34286B2CFE512E00A75173 /* Frameworks */,
				FB34286C2CFE512E00A75173 /* Resources */,
			);
			buildRules = (
			);
			dependencies = (
			);
			name = IMDBClone;
			packageProductDependencies = (
				FB53EEC02D0325E4008FEA0D /* Kingfisher */,
				FBB491DF2D6F0106009B2CA9 /* YouTubeiOSPlayerHelper */,
			);
			productName = IMDBClone;
			productReference = FB34286E2CFE512E00A75173 /* IMDBClone.app */;
			productType = "com.apple.product-type.application";
		};
/* End PBXNativeTarget section */

/* Begin PBXProject section */
		FB3428662CFE512E00A75173 /* Project object */ = {
			isa = PBXProject;
			attributes = {
				BuildIndependentTargetsInParallel = 1;
				LastSwiftUpdateCheck = 1610;
				LastUpgradeCheck = 1610;
				TargetAttributes = {
					FB34286D2CFE512E00A75173 = {
						CreatedOnToolsVersion = 16.1;
					};
				};
			};
			buildConfigurationList = FB3428692CFE512E00A75173 /* Build configuration list for PBXProject "IMDBClone" */;
			developmentRegion = en;
			hasScannedForEncodings = 0;
			knownRegions = (
				en,
				Base,
			);
			mainGroup = FB3428652CFE512E00A75173;
			minimizedProjectReferenceProxies = 1;
			packageReferences = (
				FB53EEBF2D0325E4008FEA0D /* XCRemoteSwiftPackageReference "Kingfisher" */,
				FBB491DE2D6F0106009B2CA9 /* XCRemoteSwiftPackageReference "youtube-ios-player-helper" */,
			);
			preferredProjectObjectVersion = 77;
			productRefGroup = FB34286F2CFE512E00A75173 /* Products */;
			projectDirPath = "";
			projectRoot = "";
			targets = (
				FB34286D2CFE512E00A75173 /* IMDBClone */,
			);
		};
/* End PBXProject section */

/* Begin PBXResourcesBuildPhase section */
		FB34286C2CFE512E00A75173 /* Resources */ = {
			isa = PBXResourcesBuildPhase;
			buildActionMask = 2147483647;
			files = (
				FB112DBC2D05A65A003A0F8F /* CustomListTableViewCell.xib in Resources */,
				FB3428952CFE570400A75173 /* Assets.xcassets in Resources */,
				FB112DC02D05A6C0003A0F8F /* WatchListCollectionViewCell.xib in Resources */,
				FBADC4C52D035D9900E9C553 /* SearchViewController.xib in Resources */,
				FB3428972CFE570400A75173 /* LaunchScreen.storyboard in Resources */,
				FB112DB42D05A0D1003A0F8F /* ProfileViewController.xib in Resources */,
				FB3428982CFE570400A75173 /* Main.storyboard in Resources */,
			);
			runOnlyForDeploymentPostprocessing = 0;
		};
/* End PBXResourcesBuildPhase section */

/* Begin PBXSourcesBuildPhase section */
		FB34286A2CFE512E00A75173 /* Sources */ = {
			isa = PBXSourcesBuildPhase;
			buildActionMask = 2147483647;
			files = (
				FBC4B93B2D03827000036B94 /* MovieDetailsViewModel.swift in Sources */,
				FB3428AA2CFE5BBE00A75173 /* MovieResponse.swift in Sources */,
				FBC4B9392D03766700036B94 /* MovieDetailsViewController.swift in Sources */,
				FB112DBD2D05A65A003A0F8F /* CustomListTableViewCell.swift in Sources */,
				FB3428992CFE570400A75173 /* AppDelegate.swift in Sources */,
				FBA3BE082D025DF1007C6DB3 /* MovieTableViewCell.swift in Sources */,
				FBA3BE0A2D0260D7007C6DB3 /* MovieCellViewModel.swift in Sources */,
				FB112DB92D05A2BD003A0F8F /* ProfileViewModel.swift in Sources */,
				FB112DB52D05A0D1003A0F8F /* ProfileViewController.swift in Sources */,
				FB08927F2D05090E007CC8C6 /* UIColor+Extensions.swift in Sources */,
				FB34289A2CFE570400A75173 /* IMDBClone.xcdatamodeld in Sources */,
				FB3428AC2CFE63BF00A75173 /* MovieListViewModel.swift in Sources */,
				FBADC4C42D035D9900E9C553 /* SearchViewController.swift in Sources */,
				FB08927D2D0508D1007CC8C6 /* ThemeManager.swift in Sources */,
				FB112DB72D05A2A1003A0F8F /* MovieList.swift in Sources */,
				FB34289B2CFE570400A75173 /* SceneDelegate.swift in Sources */,
				FB112DC12D05A6C0003A0F8F /* WatchListCollectionViewCell.swift in Sources */,
				FBC4B9432D038F4000036B94 /* RecommendationCollectionViewCell.swift in Sources */,
				FB34289C2CFE570400A75173 /* MovieListViewController.swift in Sources */,
				FB08927B2D0507E6007CC8C6 /* UIView+Styling.swift in Sources */,
				FB3428A82CFE5BA100A75173 /* APIService.swift in Sources */,
				FB3428A62CFE58ED00A75173 /* Movie.swift in Sources */,
				FB112DC32D05B3B1003A0F8F /* User.swift in Sources */,
			);
			runOnlyForDeploymentPostprocessing = 0;
		};
/* End PBXSourcesBuildPhase section */

/* Begin PBXVariantGroup section */
		FB34288E2CFE570400A75173 /* LaunchScreen.storyboard */ = {
			isa = PBXVariantGroup;
			children = (
				FB34288D2CFE570400A75173 /* Base */,
			);
			name = LaunchScreen.storyboard;
			sourceTree = "<group>";
		};
		FB3428902CFE570400A75173 /* Main.storyboard */ = {
			isa = PBXVariantGroup;
			children = (
				FB34288F2CFE570400A75173 /* Base */,
			);
			name = Main.storyboard;
			sourceTree = "<group>";
		};
/* End PBXVariantGroup section */

/* Begin XCBuildConfiguration section */
		FB3428852CFE512F00A75173 /* Debug */ = {
			isa = XCBuildConfiguration;
			buildSettings = {
				ASSETCATALOG_COMPILER_APPICON_NAME = AppIcon;
				ASSETCATALOG_COMPILER_GLOBAL_ACCENT_COLOR_NAME = AccentColor;
				CODE_SIGN_STYLE = Automatic;
				CURRENT_PROJECT_VERSION = 1;
				DEVELOPMENT_TEAM = PMF2KU876W;
				GENERATE_INFOPLIST_FILE = YES;
				INFOPLIST_FILE = IMDBClone/Info.plist;
				INFOPLIST_KEY_UIApplicationSupportsIndirectInputEvents = YES;
				INFOPLIST_KEY_UILaunchStoryboardName = LaunchScreen;
				INFOPLIST_KEY_UIMainStoryboardFile = Main;
				INFOPLIST_KEY_UISupportedInterfaceOrientations_iPad = "UIInterfaceOrientationPortrait UIInterfaceOrientationPortraitUpsideDown UIInterfaceOrientationLandscapeLeft UIInterfaceOrientationLandscapeRight";
				INFOPLIST_KEY_UISupportedInterfaceOrientations_iPhone = "UIInterfaceOrientationPortrait UIInterfaceOrientationLandscapeLeft UIInterfaceOrientationLandscapeRight";
				LD_RUNPATH_SEARCH_PATHS = (
					"$(inherited)",
					"@executable_path/Frameworks",
				);
				MARKETING_VERSION = 1.0;
				PRODUCT_BUNDLE_IDENTIFIER = com.mertozan.IMDBClone;
				PRODUCT_NAME = "$(TARGET_NAME)";
				SWIFT_EMIT_LOC_STRINGS = YES;
				SWIFT_VERSION = 5.0;
				TARGETED_DEVICE_FAMILY = "1,2";
			};
			name = Debug;
		};
		FB3428862CFE512F00A75173 /* Release */ = {
			isa = XCBuildConfiguration;
			buildSettings = {
				ASSETCATALOG_COMPILER_APPICON_NAME = AppIcon;
				ASSETCATALOG_COMPILER_GLOBAL_ACCENT_COLOR_NAME = AccentColor;
				CODE_SIGN_STYLE = Automatic;
				CURRENT_PROJECT_VERSION = 1;
				DEVELOPMENT_TEAM = PMF2KU876W;
				GENERATE_INFOPLIST_FILE = YES;
				INFOPLIST_FILE = IMDBClone/Info.plist;
				INFOPLIST_KEY_UIApplicationSupportsIndirectInputEvents = YES;
				INFOPLIST_KEY_UILaunchStoryboardName = LaunchScreen;
				INFOPLIST_KEY_UIMainStoryboardFile = Main;
				INFOPLIST_KEY_UISupportedInterfaceOrientations_iPad = "UIInterfaceOrientationPortrait UIInterfaceOrientationPortraitUpsideDown UIInterfaceOrientationLandscapeLeft UIInterfaceOrientationLandscapeRight";
				INFOPLIST_KEY_UISupportedInterfaceOrientations_iPhone = "UIInterfaceOrientationPortrait UIInterfaceOrientationLandscapeLeft UIInterfaceOrientationLandscapeRight";
				LD_RUNPATH_SEARCH_PATHS = (
					"$(inherited)",
					"@executable_path/Frameworks",
				);
				MARKETING_VERSION = 1.0;
				PRODUCT_BUNDLE_IDENTIFIER = com.mertozan.IMDBClone;
				PRODUCT_NAME = "$(TARGET_NAME)";
				SWIFT_EMIT_LOC_STRINGS = YES;
				SWIFT_VERSION = 5.0;
				TARGETED_DEVICE_FAMILY = "1,2";
			};
			name = Release;
		};
		FB3428872CFE512F00A75173 /* Debug */ = {
			isa = XCBuildConfiguration;
			buildSettings = {
				ALWAYS_SEARCH_USER_PATHS = NO;
				ASSETCATALOG_COMPILER_GENERATE_SWIFT_ASSET_SYMBOL_EXTENSIONS = YES;
				CLANG_ANALYZER_NONNULL = YES;
				CLANG_ANALYZER_NUMBER_OBJECT_CONVERSION = YES_AGGRESSIVE;
				CLANG_CXX_LANGUAGE_STANDARD = "gnu++20";
				CLANG_ENABLE_MODULES = YES;
				CLANG_ENABLE_OBJC_ARC = YES;
				CLANG_ENABLE_OBJC_WEAK = YES;
				CLANG_WARN_BLOCK_CAPTURE_AUTORELEASING = YES;
				CLANG_WARN_BOOL_CONVERSION = YES;
				CLANG_WARN_COMMA = YES;
				CLANG_WARN_CONSTANT_CONVERSION = YES;
				CLANG_WARN_DEPRECATED_OBJC_IMPLEMENTATIONS = YES;
				CLANG_WARN_DIRECT_OBJC_ISA_USAGE = YES_ERROR;
				CLANG_WARN_DOCUMENTATION_COMMENTS = YES;
				CLANG_WARN_EMPTY_BODY = YES;
				CLANG_WARN_ENUM_CONVERSION = YES;
				CLANG_WARN_INFINITE_RECURSION = YES;
				CLANG_WARN_INT_CONVERSION = YES;
				CLANG_WARN_NON_LITERAL_NULL_CONVERSION = YES;
				CLANG_WARN_OBJC_IMPLICIT_RETAIN_SELF = YES;
				CLANG_WARN_OBJC_LITERAL_CONVERSION = YES;
				CLANG_WARN_OBJC_ROOT_CLASS = YES_ERROR;
				CLANG_WARN_QUOTED_INCLUDE_IN_FRAMEWORK_HEADER = YES;
				CLANG_WARN_RANGE_LOOP_ANALYSIS = YES;
				CLANG_WARN_STRICT_PROTOTYPES = YES;
				CLANG_WARN_SUSPICIOUS_MOVE = YES;
				CLANG_WARN_UNGUARDED_AVAILABILITY = YES_AGGRESSIVE;
				CLANG_WARN_UNREACHABLE_CODE = YES;
				CLANG_WARN__DUPLICATE_METHOD_MATCH = YES;
				COPY_PHASE_STRIP = NO;
				DEBUG_INFORMATION_FORMAT = dwarf;
				ENABLE_STRICT_OBJC_MSGSEND = YES;
				ENABLE_TESTABILITY = YES;
				ENABLE_USER_SCRIPT_SANDBOXING = YES;
				GCC_C_LANGUAGE_STANDARD = gnu17;
				GCC_DYNAMIC_NO_PIC = NO;
				GCC_NO_COMMON_BLOCKS = YES;
				GCC_OPTIMIZATION_LEVEL = 0;
				GCC_PREPROCESSOR_DEFINITIONS = (
					"DEBUG=1",
					"$(inherited)",
				);
				GCC_WARN_64_TO_32_BIT_CONVERSION = YES;
				GCC_WARN_ABOUT_RETURN_TYPE = YES_ERROR;
				GCC_WARN_UNDECLARED_SELECTOR = YES;
				GCC_WARN_UNINITIALIZED_AUTOS = YES_AGGRESSIVE;
				GCC_WARN_UNUSED_FUNCTION = YES;
				GCC_WARN_UNUSED_VARIABLE = YES;
				IPHONEOS_DEPLOYMENT_TARGET = 18.1;
				LOCALIZATION_PREFERS_STRING_CATALOGS = YES;
				MTL_ENABLE_DEBUG_INFO = INCLUDE_SOURCE;
				MTL_FAST_MATH = YES;
				ONLY_ACTIVE_ARCH = YES;
				SDKROOT = iphoneos;
				SWIFT_ACTIVE_COMPILATION_CONDITIONS = "DEBUG $(inherited)";
				SWIFT_OPTIMIZATION_LEVEL = "-Onone";
			};
			name = Debug;
		};
		FB3428882CFE512F00A75173 /* Release */ = {
			isa = XCBuildConfiguration;
			buildSettings = {
				ALWAYS_SEARCH_USER_PATHS = NO;
				ASSETCATALOG_COMPILER_GENERATE_SWIFT_ASSET_SYMBOL_EXTENSIONS = YES;
				CLANG_ANALYZER_NONNULL = YES;
				CLANG_ANALYZER_NUMBER_OBJECT_CONVERSION = YES_AGGRESSIVE;
				CLANG_CXX_LANGUAGE_STANDARD = "gnu++20";
				CLANG_ENABLE_MODULES = YES;
				CLANG_ENABLE_OBJC_ARC = YES;
				CLANG_ENABLE_OBJC_WEAK = YES;
				CLANG_WARN_BLOCK_CAPTURE_AUTORELEASING = YES;
				CLANG_WARN_BOOL_CONVERSION = YES;
				CLANG_WARN_COMMA = YES;
				CLANG_WARN_CONSTANT_CONVERSION = YES;
				CLANG_WARN_DEPRECATED_OBJC_IMPLEMENTATIONS = YES;
				CLANG_WARN_DIRECT_OBJC_ISA_USAGE = YES_ERROR;
				CLANG_WARN_DOCUMENTATION_COMMENTS = YES;
				CLANG_WARN_EMPTY_BODY = YES;
				CLANG_WARN_ENUM_CONVERSION = YES;
				CLANG_WARN_INFINITE_RECURSION = YES;
				CLANG_WARN_INT_CONVERSION = YES;
				CLANG_WARN_NON_LITERAL_NULL_CONVERSION = YES;
				CLANG_WARN_OBJC_IMPLICIT_RETAIN_SELF = YES;
				CLANG_WARN_OBJC_LITERAL_CONVERSION = YES;
				CLANG_WARN_OBJC_ROOT_CLASS = YES_ERROR;
				CLANG_WARN_QUOTED_INCLUDE_IN_FRAMEWORK_HEADER = YES;
				CLANG_WARN_RANGE_LOOP_ANALYSIS = YES;
				CLANG_WARN_STRICT_PROTOTYPES = YES;
				CLANG_WARN_SUSPICIOUS_MOVE = YES;
				CLANG_WARN_UNGUARDED_AVAILABILITY = YES_AGGRESSIVE;
				CLANG_WARN_UNREACHABLE_CODE = YES;
				CLANG_WARN__DUPLICATE_METHOD_MATCH = YES;
				COPY_PHASE_STRIP = NO;
				DEBUG_INFORMATION_FORMAT = "dwarf-with-dsym";
				ENABLE_NS_ASSERTIONS = NO;
				ENABLE_STRICT_OBJC_MSGSEND = YES;
				ENABLE_USER_SCRIPT_SANDBOXING = YES;
				GCC_C_LANGUAGE_STANDARD = gnu17;
				GCC_NO_COMMON_BLOCKS = YES;
				GCC_WARN_64_TO_32_BIT_CONVERSION = YES;
				GCC_WARN_ABOUT_RETURN_TYPE = YES_ERROR;
				GCC_WARN_UNDECLARED_SELECTOR = YES;
				GCC_WARN_UNINITIALIZED_AUTOS = YES_AGGRESSIVE;
				GCC_WARN_UNUSED_FUNCTION = YES;
				GCC_WARN_UNUSED_VARIABLE = YES;
				IPHONEOS_DEPLOYMENT_TARGET = 18.1;
				LOCALIZATION_PREFERS_STRING_CATALOGS = YES;
				MTL_ENABLE_DEBUG_INFO = NO;
				MTL_FAST_MATH = YES;
				SDKROOT = iphoneos;
				SWIFT_COMPILATION_MODE = wholemodule;
				VALIDATE_PRODUCT = YES;
			};
			name = Release;
		};
/* End XCBuildConfiguration section */

/* Begin XCConfigurationList section */
		FB3428692CFE512E00A75173 /* Build configuration list for PBXProject "IMDBClone" */ = {
			isa = XCConfigurationList;
			buildConfigurations = (
				FB3428872CFE512F00A75173 /* Debug */,
				FB3428882CFE512F00A75173 /* Release */,
			);
			defaultConfigurationIsVisible = 0;
			defaultConfigurationName = Release;
		};
		FB3428842CFE512F00A75173 /* Build configuration list for PBXNativeTarget "IMDBClone" */ = {
			isa = XCConfigurationList;
			buildConfigurations = (
				FB3428852CFE512F00A75173 /* Debug */,
				FB3428862CFE512F00A75173 /* Release */,
			);
			defaultConfigurationIsVisible = 0;
			defaultConfigurationName = Release;
		};
/* End XCConfigurationList section */

/* Begin XCRemoteSwiftPackageReference section */
		FB53EEBF2D0325E4008FEA0D /* XCRemoteSwiftPackageReference "Kingfisher" */ = {
			isa = XCRemoteSwiftPackageReference;
			repositoryURL = "https://github.com/onevcat/Kingfisher.git";
			requirement = {
				kind = upToNextMajorVersion;
				minimumVersion = 8.1.1;
			};
		};
		FBB491DE2D6F0106009B2CA9 /* XCRemoteSwiftPackageReference "youtube-ios-player-helper" */ = {
			isa = XCRemoteSwiftPackageReference;
			repositoryURL = "https://github.com/youtube/youtube-ios-player-helper.git";
			requirement = {
				kind = upToNextMajorVersion;
				minimumVersion = 1.0.4;
			};
		};
/* End XCRemoteSwiftPackageReference section */

/* Begin XCSwiftPackageProductDependency section */
		FB53EEC02D0325E4008FEA0D /* Kingfisher */ = {
			isa = XCSwiftPackageProductDependency;
			package = FB53EEBF2D0325E4008FEA0D /* XCRemoteSwiftPackageReference "Kingfisher" */;
			productName = Kingfisher;
		};
		FBB491DF2D6F0106009B2CA9 /* YouTubeiOSPlayerHelper */ = {
			isa = XCSwiftPackageProductDependency;
			package = FBB491DE2D6F0106009B2CA9 /* XCRemoteSwiftPackageReference "youtube-ios-player-helper" */;
			productName = YouTubeiOSPlayerHelper;
		};
/* End XCSwiftPackageProductDependency section */

/* Begin XCVersionGroup section */
		FB34288B2CFE570400A75173 /* IMDBClone.xcdatamodeld */ = {
			isa = XCVersionGroup;
			children = (
				FB3428942CFE570400A75173 /* IMDBClone.xcdatamodel */,
			);
			currentVersion = FB3428942CFE570400A75173 /* IMDBClone.xcdatamodel */;
			path = IMDBClone.xcdatamodeld;
			sourceTree = "<group>";
			versionGroupType = wrapper.xcdatamodel;
		};
/* End XCVersionGroup section */
	};
	rootObject = FB3428662CFE512E00A75173 /* Project object */;
}
